PODS:
  - Alamofire (4.0.1)
  - AlamofireImage (3.1.0):
    - Alamofire (~> 4.0)
  - Mockingjay (1.3.0):
    - Mockingjay/Core (= 1.3.0)
    - Mockingjay/XCTest (= 1.3.0)
  - Mockingjay/Core (1.3.0):
    - URITemplate (~> 2.0)
  - Mockingjay/XCTest (1.3.0):
    - Mockingjay/Core
  - URITemplate (2.0.0)

DEPENDENCIES:
  - Alamofire (~> 4.0)
  - AlamofireImage (~> 3.1)
  - Mockingjay (from `https://github.com/kylef/Mockingjay`)

EXTERNAL SOURCES:
  Mockingjay:
    :git: https://github.com/kylef/Mockingjay

CHECKOUT OPTIONS:
  Mockingjay:
    :commit: d29a7c68c7c5947cc7602b282cdc635b5b90e05a
    :git: https://github.com/kylef/Mockingjay

SPEC CHECKSUMS:
  Alamofire: 7682d43245de14874acd142ec137b144aa1dd335
  AlamofireImage: bb8c8351c51cb1633bb6be69b6dbbaff37ce65b7
  Mockingjay: 31208eb6cb4d20324cc845c0ca2837232d48038b
  URITemplate: a5acb3f76c6a2338116fde88b658d83f91bbac45

PODFILE CHECKSUM: 3204fd124ea9b4cb19de254ed2c8d2c3a147b248

COCOAPODS: 1.0.1
